
Microsoft Visual Studio Solution File, Format Version 12.00
# Visual Studio Version 17
VisualStudioVersion = 17.1.32228.430
MinimumVisualStudioVersion = 10.0.40219.1
Project("{FAE04EC0-301F-11D3-BF4B-00C04F79EFBC}") = "DL", "DL\DL.csproj", "{2A8E1688-A154-4351-A1A0-F3D4C2300FD4}"
EndProject
Project("{FAE04EC0-301F-11D3-BF4B-00C04F79EFBC}") = "ML", "ML\ML.csproj", "{682C54D5-4EC4-4150-9DBD-CD0A12E4244A}"
EndProject
Project("{FAE04EC0-301F-11D3-BF4B-00C04F79EFBC}") = "BL", "BL\BL.csproj", "{38AA277D-C314-446F-A831-9C2F6C2CB25F}"
EndProject
Project("{FAE04EC0-301F-11D3-BF4B-00C04F79EFBC}") = "PL", "PL\PL.csproj", "{F56D350F-C1F0-4C2F-BC9F-84B1B4820F59}"
EndProject
Project("{FAE04EC0-301F-11D3-BF4B-00C04F79EFBC}") = "SL", "SL\SL.csproj", "{FE0D215E-E3D2-472C-BFA8-6606F05CE8EE}"
EndProject
Global
	GlobalSection(SolutionConfigurationPlatforms) = preSolution
		Debug|Any CPU = Debug|Any CPU
		Release|Any CPU = Release|Any CPU
	EndGlobalSection
	GlobalSection(ProjectConfigurationPlatforms) = postSolution
		{2A8E1688-A154-4351-A1A0-F3D4C2300FD4}.Debug|Any CPU.ActiveCfg = Debug|Any CPU
		{2A8E1688-A154-4351-A1A0-F3D4C2300FD4}.Debug|Any CPU.Build.0 = Debug|Any CPU
		{2A8E1688-A154-4351-A1A0-F3D4C2300FD4}.Release|Any CPU.ActiveCfg = Release|Any CPU
		{2A8E1688-A154-4351-A1A0-F3D4C2300FD4}.Release|Any CPU.Build.0 = Release|Any CPU
		{682C54D5-4EC4-4150-9DBD-CD0A12E4244A}.Debug|Any CPU.ActiveCfg = Debug|Any CPU
		{682C54D5-4EC4-4150-9DBD-CD0A12E4244A}.Debug|Any CPU.Build.0 = Debug|Any CPU
		{682C54D5-4EC4-4150-9DBD-CD0A12E4244A}.Release|Any CPU.ActiveCfg = Release|Any CPU
		{682C54D5-4EC4-4150-9DBD-CD0A12E4244A}.Release|Any CPU.Build.0 = Release|Any CPU
		{38AA277D-C314-446F-A831-9C2F6C2CB25F}.Debug|Any CPU.ActiveCfg = Debug|Any CPU
		{38AA277D-C314-446F-A831-9C2F6C2CB25F}.Debug|Any CPU.Build.0 = Debug|Any CPU
		{38AA277D-C314-446F-A831-9C2F6C2CB25F}.Release|Any CPU.ActiveCfg = Release|Any CPU
		{38AA277D-C314-446F-A831-9C2F6C2CB25F}.Release|Any CPU.Build.0 = Release|Any CPU
		{F56D350F-C1F0-4C2F-BC9F-84B1B4820F59}.Debug|Any CPU.ActiveCfg = Debug|Any CPU
		{F56D350F-C1F0-4C2F-BC9F-84B1B4820F59}.Debug|Any CPU.Build.0 = Debug|Any CPU
		{F56D350F-C1F0-4C2F-BC9F-84B1B4820F59}.Release|Any CPU.ActiveCfg = Release|Any CPU
		{F56D350F-C1F0-4C2F-BC9F-84B1B4820F59}.Release|Any CPU.Build.0 = Release|Any CPU
		{FE0D215E-E3D2-472C-BFA8-6606F05CE8EE}.Debug|Any CPU.ActiveCfg = Debug|Any CPU
		{FE0D215E-E3D2-472C-BFA8-6606F05CE8EE}.Debug|Any CPU.Build.0 = Debug|Any CPU
		{FE0D215E-E3D2-472C-BFA8-6606F05CE8EE}.Release|Any CPU.ActiveCfg = Release|Any CPU
		{FE0D215E-E3D2-472C-BFA8-6606F05CE8EE}.Release|Any CPU.Build.0 = Release|Any CPU
	EndGlobalSection
	GlobalSection(SolutionProperties) = preSolution
		HideSolutionNode = FALSE
	EndGlobalSection
	GlobalSection(ExtensibilityGlobals) = postSolution
		SolutionGuid = {5B6FDD5C-31DE-40EC-8C60-F89FFFA47ADD}
	EndGlobalSection
EndGlobal
